github.com/Bipul-Dubey/golang_learn v1.0.0 h1:GsawOILkmqus0hP2Kkglf+oIsUtFSs8cFVB+WHnDSKc=
github.com/Bipul-Dubey/golang_learn v1.0.0/go.mod h1:cDnwnyr3aSt20aqL+ZdVdYZTW4eKAFX8yMvj3RsQkoo=
github.com/Bipul-Dubey/golang_learn/onlinePackage v0.0.0-20240614051146-f575acbc9dd0 h1:OgD0K2OG/V8vRkrgujY+R70rwOeY5aBJM0CV64mT6nw=
github.com/Bipul-Dubey/golang_learn/onlinePackage v0.0.0-20240614051146-f575acbc9dd0/go.mod h1:2YNWmE382r/QNNltn3gYjMyhDKAcFMKSg0CPv1HingM=
